// !$*UTF8*$!
{
	archiveVersion = 1;
	classes = {
	};
	objectVersion = 55;
	objects = {

/* Begin PBXBuildFile section */
		80E2527001E04DB184DF5DC2 /* Pods_Planet_Explore.framework in Frameworks */ = {isa = PBXBuildFile; fileRef = 769A552A974209FD4522CDAE /* Pods_Planet_Explore.framework */; };
		B471C60B283F42270063D2B6 /* AppDelegate.swift in Sources */ = {isa = PBXBuildFile; fileRef = B471C60A283F42270063D2B6 /* AppDelegate.swift */; };
		B471C60D283F42270063D2B6 /* SceneDelegate.swift in Sources */ = {isa = PBXBuildFile; fileRef = B471C60C283F42270063D2B6 /* SceneDelegate.swift */; };
		B471C60F283F42270063D2B6 /* MainVC.swift in Sources */ = {isa = PBXBuildFile; fileRef = B471C60E283F42270063D2B6 /* MainVC.swift */; };
		B471C614283F422E0063D2B6 /* Assets.xcassets in Resources */ = {isa = PBXBuildFile; fileRef = B471C613283F422E0063D2B6 /* Assets.xcassets */; };
		B471C617283F422E0063D2B6 /* LaunchScreen.storyboard in Resources */ = {isa = PBXBuildFile; fileRef = B471C615283F422E0063D2B6 /* LaunchScreen.storyboard */; };
		B471C627283F48D20063D2B6 /* APIError.swift in Sources */ = {isa = PBXBuildFile; fileRef = B471C626283F48D20063D2B6 /* APIError.swift */; };
		B471C629283F48FD0063D2B6 /* Constant.swift in Sources */ = {isa = PBXBuildFile; fileRef = B471C628283F48FD0063D2B6 /* Constant.swift */; };
		B471C62B283F55000063D2B6 /* Planet.swift in Sources */ = {isa = PBXBuildFile; fileRef = B471C62A283F55000063D2B6 /* Planet.swift */; };
		B471C62D283F55BA0063D2B6 /* PlanetRemoteService.swift in Sources */ = {isa = PBXBuildFile; fileRef = B471C62C283F55BA0063D2B6 /* PlanetRemoteService.swift */; };
		B471C62F283F59D90063D2B6 /* PlanetViewModel.swift in Sources */ = {isa = PBXBuildFile; fileRef = B471C62E283F59D80063D2B6 /* PlanetViewModel.swift */; };
		B471C632283F5CD50063D2B6 /* LoaderView.swift in Sources */ = {isa = PBXBuildFile; fileRef = B471C631283F5CD50063D2B6 /* LoaderView.swift */; };
		B471C635283F5DAE0063D2B6 /* UIView+Extension.swift in Sources */ = {isa = PBXBuildFile; fileRef = B471C634283F5DAE0063D2B6 /* UIView+Extension.swift */; };
		B471C637283F5EE80063D2B6 /* ErrorView.swift in Sources */ = {isa = PBXBuildFile; fileRef = B471C636283F5EE80063D2B6 /* ErrorView.swift */; };
		B471C639283F5F2B0063D2B6 /* UIImage+Resize.swift in Sources */ = {isa = PBXBuildFile; fileRef = B471C638283F5F2B0063D2B6 /* UIImage+Resize.swift */; };
		B471C63B283F60F20063D2B6 /* PlanetItemView.swift in Sources */ = {isa = PBXBuildFile; fileRef = B471C63A283F60F20063D2B6 /* PlanetItemView.swift */; };
		B471C63D283F85140063D2B6 /* String+Capitalized.swift in Sources */ = {isa = PBXBuildFile; fileRef = B471C63C283F85140063D2B6 /* String+Capitalized.swift */; };
		B471C63F283F90CC0063D2B6 /* PlanetDetailVC.swift in Sources */ = {isa = PBXBuildFile; fileRef = B471C63E283F90CC0063D2B6 /* PlanetDetailVC.swift */; };
/* End PBXBuildFile section */

/* Begin PBXFileReference section */
		769A552A974209FD4522CDAE /* Pods_Planet_Explore.framework */ = {isa = PBXFileReference; explicitFileType = wrapper.framework; includeInIndex = 0; path = Pods_Planet_Explore.framework; sourceTree = BUILT_PRODUCTS_DIR; };
		A83CA0D1DCF847AE800EA459 /* Pods-Planet Explore.debug.xcconfig */ = {isa = PBXFileReference; includeInIndex = 1; lastKnownFileType = text.xcconfig; name = "Pods-Planet Explore.debug.xcconfig"; path = "Target Support Files/Pods-Planet Explore/Pods-Planet Explore.debug.xcconfig"; sourceTree = "<group>"; };
		B471C607283F42270063D2B6 /* Planet Explore.app */ = {isa = PBXFileReference; explicitFileType = wrapper.application; includeInIndex = 0; path = "Planet Explore.app"; sourceTree = BUILT_PRODUCTS_DIR; };
		B471C60A283F42270063D2B6 /* AppDelegate.swift */ = {isa = PBXFileReference; lastKnownFileType = sourcecode.swift; path = AppDelegate.swift; sourceTree = "<group>"; };
		B471C60C283F42270063D2B6 /* SceneDelegate.swift */ = {isa = PBXFileReference; lastKnownFileType = sourcecode.swift; path = SceneDelegate.swift; sourceTree = "<group>"; };
		B471C60E283F42270063D2B6 /* MainVC.swift */ = {isa = PBXFileReference; lastKnownFileType = sourcecode.swift; path = MainVC.swift; sourceTree = "<group>"; };
		B471C613283F422E0063D2B6 /* Assets.xcassets */ = {isa = PBXFileReference; lastKnownFileType = folder.assetcatalog; path = Assets.xcassets; sourceTree = "<group>"; };
		B471C616283F422E0063D2B6 /* Base */ = {isa = PBXFileReference; lastKnownFileType = file.storyboard; name = Base; path = Base.lproj/LaunchScreen.storyboard; sourceTree = "<group>"; };
		B471C618283F422E0063D2B6 /* Info.plist */ = {isa = PBXFileReference; lastKnownFileType = text.plist.xml; path = Info.plist; sourceTree = "<group>"; };
		B471C626283F48D20063D2B6 /* APIError.swift */ = {isa = PBXFileReference; lastKnownFileType = sourcecode.swift; path = APIError.swift; sourceTree = "<group>"; };
		B471C628283F48FD0063D2B6 /* Constant.swift */ = {isa = PBXFileReference; lastKnownFileType = sourcecode.swift; path = Constant.swift; sourceTree = "<group>"; };
		B471C62A283F55000063D2B6 /* Planet.swift */ = {isa = PBXFileReference; lastKnownFileType = sourcecode.swift; path = Planet.swift; sourceTree = "<group>"; };
		B471C62C283F55BA0063D2B6 /* PlanetRemoteService.swift */ = {isa = PBXFileReference; lastKnownFileType = sourcecode.swift; path = PlanetRemoteService.swift; sourceTree = "<group>"; };
		B471C62E283F59D80063D2B6 /* PlanetViewModel.swift */ = {isa = PBXFileReference; lastKnownFileType = sourcecode.swift; path = PlanetViewModel.swift; sourceTree = "<group>"; };
		B471C631283F5CD50063D2B6 /* LoaderView.swift */ = {isa = PBXFileReference; lastKnownFileType = sourcecode.swift; path = LoaderView.swift; sourceTree = "<group>"; };
		B471C634283F5DAE0063D2B6 /* UIView+Extension.swift */ = {isa = PBXFileReference; lastKnownFileType = sourcecode.swift; path = "UIView+Extension.swift"; sourceTree = "<group>"; };
		B471C636283F5EE80063D2B6 /* ErrorView.swift */ = {isa = PBXFileReference; lastKnownFileType = sourcecode.swift; path = ErrorView.swift; sourceTree = "<group>"; };
		B471C638283F5F2B0063D2B6 /* UIImage+Resize.swift */ = {isa = PBXFileReference; lastKnownFileType = sourcecode.swift; path = "UIImage+Resize.swift"; sourceTree = "<group>"; };
		B471C63A283F60F20063D2B6 /* PlanetItemView.swift */ = {isa = PBXFileReference; lastKnownFileType = sourcecode.swift; path = PlanetItemView.swift; sourceTree = "<group>"; };
		B471C63C283F85140063D2B6 /* String+Capitalized.swift */ = {isa = PBXFileReference; lastKnownFileType = sourcecode.swift; path = "String+Capitalized.swift"; sourceTree = "<group>"; };
		B471C63E283F90CC0063D2B6 /* PlanetDetailVC.swift */ = {isa = PBXFileReference; lastKnownFileType = sourcecode.swift; path = PlanetDetailVC.swift; sourceTree = "<group>"; };
		F88DEEED6F6D7B19236259A4 /* Pods-Planet Explore.release.xcconfig */ = {isa = PBXFileReference; includeInIndex = 1; lastKnownFileType = text.xcconfig; name = "Pods-Planet Explore.release.xcconfig"; path = "Target Support Files/Pods-Planet Explore/Pods-Planet Explore.release.xcconfig"; sourceTree = "<group>"; };
/* End PBXFileReference section */

/* Begin PBXFrameworksBuildPhase section */
		B471C604283F42270063D2B6 /* Frameworks */ = {
			isa = PBXFrameworksBuildPhase;
			buildActionMask = 2147483647;
			files = (
				80E2527001E04DB184DF5DC2 /* Pods_Planet_Explore.framework in Frameworks */,
			);
			runOnlyForDeploymentPostprocessing = 0;
		};
/* End PBXFrameworksBuildPhase section */

/* Begin PBXGroup section */
		B471C5FE283F42270063D2B6 = {
			isa = PBXGroup;
			children = (
				B471C609283F42270063D2B6 /* Planet Explore */,
				B471C608283F42270063D2B6 /* Products */,
				C30EB53489042F55C1EFBAE4 /* Pods */,
				DB0CEE3A5B1B336A25866290 /* Frameworks */,
			);
			sourceTree = "<group>";
		};
		B471C608283F42270063D2B6 /* Products */ = {
			isa = PBXGroup;
			children = (
				B471C607283F42270063D2B6 /* Planet Explore.app */,
			);
			name = Products;
			sourceTree = "<group>";
		};
		B471C609283F42270063D2B6 /* Planet Explore */ = {
			isa = PBXGroup;
			children = (
				B471C633283F5D890063D2B6 /* Extensions */,
				B471C624283F488C0063D2B6 /* Service */,
				B471C623283F465B0063D2B6 /* Resource */,
				B471C622283F46540063D2B6 /* Startup */,
				B471C621283F464D0063D2B6 /* Core */,
				B471C620283F46400063D2B6 /* View */,
				B471C61F283F46370063D2B6 /* ViewModel */,
				B471C61E283F462D0063D2B6 /* Model */,
				B471C618283F422E0063D2B6 /* Info.plist */,
			);
			path = "Planet Explore";
			sourceTree = "<group>";
		};
		B471C61E283F462D0063D2B6 /* Model */ = {
			isa = PBXGroup;
			children = (
				B471C62A283F55000063D2B6 /* Planet.swift */,
			);
			path = Model;
			sourceTree = "<group>";
		};
		B471C61F283F46370063D2B6 /* ViewModel */ = {
			isa = PBXGroup;
			children = (
				B471C62E283F59D80063D2B6 /* PlanetViewModel.swift */,
			);
			path = ViewModel;
			sourceTree = "<group>";
		};
		B471C620283F46400063D2B6 /* View */ = {
			isa = PBXGroup;
			children = (
				B471C630283F5CC40063D2B6 /* SubView */,
				B471C60E283F42270063D2B6 /* MainVC.swift */,
				B471C63E283F90CC0063D2B6 /* PlanetDetailVC.swift */,
			);
			path = View;
			sourceTree = "<group>";
		};
		B471C621283F464D0063D2B6 /* Core */ = {
			isa = PBXGroup;
			children = (
				B471C625283F48AF0063D2B6 /* Exception */,
				B471C628283F48FD0063D2B6 /* Constant.swift */,
			);
			path = Core;
			sourceTree = "<group>";
		};
		B471C622283F46540063D2B6 /* Startup */ = {
			isa = PBXGroup;
			children = (
				B471C615283F422E0063D2B6 /* LaunchScreen.storyboard */,
				B471C60A283F42270063D2B6 /* AppDelegate.swift */,
				B471C60C283F42270063D2B6 /* SceneDelegate.swift */,
			);
			path = Startup;
			sourceTree = "<group>";
		};
		B471C623283F465B0063D2B6 /* Resource */ = {
			isa = PBXGroup;
			children = (
				B471C613283F422E0063D2B6 /* Assets.xcassets */,
			);
			path = Resource;
			sourceTree = "<group>";
		};
		B471C624283F488C0063D2B6 /* Service */ = {
			isa = PBXGroup;
			children = (
				B471C62C283F55BA0063D2B6 /* PlanetRemoteService.swift */,
			);
			path = Service;
			sourceTree = "<group>";
		};
		B471C625283F48AF0063D2B6 /* Exception */ = {
			isa = PBXGroup;
			children = (
				B471C626283F48D20063D2B6 /* APIError.swift */,
			);
			path = Exception;
			sourceTree = "<group>";
		};
		B471C630283F5CC40063D2B6 /* SubView */ = {
			isa = PBXGroup;
			children = (
				B471C631283F5CD50063D2B6 /* LoaderView.swift */,
				B471C636283F5EE80063D2B6 /* ErrorView.swift */,
				B471C63A283F60F20063D2B6 /* PlanetItemView.swift */,
			);
			path = SubView;
			sourceTree = "<group>";
		};
		B471C633283F5D890063D2B6 /* Extensions */ = {
			isa = PBXGroup;
			children = (
				B471C634283F5DAE0063D2B6 /* UIView+Extension.swift */,
				B471C638283F5F2B0063D2B6 /* UIImage+Resize.swift */,
				B471C63C283F85140063D2B6 /* String+Capitalized.swift */,
			);
			path = Extensions;
			sourceTree = "<group>";
		};
		C30EB53489042F55C1EFBAE4 /* Pods */ = {
			isa = PBXGroup;
			children = (
				A83CA0D1DCF847AE800EA459 /* Pods-Planet Explore.debug.xcconfig */,
				F88DEEED6F6D7B19236259A4 /* Pods-Planet Explore.release.xcconfig */,
			);
			path = Pods;
			sourceTree = "<group>";
		};
		DB0CEE3A5B1B336A25866290 /* Frameworks */ = {
			isa = PBXGroup;
			children = (
				769A552A974209FD4522CDAE /* Pods_Planet_Explore.framework */,
			);
			name = Frameworks;
			sourceTree = "<group>";
		};
/* End PBXGroup section */

/* Begin PBXNativeTarget section */
		B471C606283F42270063D2B6 /* Planet Explore */ = {
			isa = PBXNativeTarget;
			buildConfigurationList = B471C61B283F422E0063D2B6 /* Build configuration list for PBXNativeTarget "Planet Explore" */;
			buildPhases = (
				BA941D1B79ADCC05FDE51A56 /* [CP] Check Pods Manifest.lock */,
				B471C603283F42270063D2B6 /* Sources */,
				B471C604283F42270063D2B6 /* Frameworks */,
				B471C605283F42270063D2B6 /* Resources */,
				06151338057FBF946648ED0D /* [CP] Embed Pods Frameworks */,
			);
			buildRules = (
			);
			dependencies = (
			);
			name = "Planet Explore";
			productName = "Planet Explore";
			productReference = B471C607283F42270063D2B6 /* Planet Explore.app */;
			productType = "com.apple.product-type.application";
		};
/* End PBXNativeTarget section */

/* Begin PBXProject section */
		B471C5FF283F42270063D2B6 /* Project object */ = {
			isa = PBXProject;
			attributes = {
				BuildIndependentTargetsInParallel = 1;
				LastSwiftUpdateCheck = 1330;
				LastUpgradeCheck = 1330;
				TargetAttributes = {
					B471C606283F42270063D2B6 = {
						CreatedOnToolsVersion = 13.3.1;
					};
				};
			};
			buildConfigurationList = B471C602283F42270063D2B6 /* Build configuration list for PBXProject "Planet Explore" */;
			compatibilityVersion = "Xcode 13.0";
			developmentRegion = en;
			hasScannedForEncodings = 0;
			knownRegions = (
				en,
				Base,
			);
			mainGroup = B471C5FE283F42270063D2B6;
			productRefGroup = B471C608283F42270063D2B6 /* Products */;
			projectDirPath = "";
			projectRoot = "";
			targets = (
				B471C606283F42270063D2B6 /* Planet Explore */,
			);
		};
/* End PBXProject section */

/* Begin PBXResourcesBuildPhase section */
		B471C605283F42270063D2B6 /* Resources */ = {
			isa = PBXResourcesBuildPhase;
			buildActionMask = 2147483647;
			files = (
				B471C617283F422E0063D2B6 /* LaunchScreen.storyboard in Resources */,
				B471C614283F422E0063D2B6 /* Assets.xcassets in Resources */,
			);
			runOnlyForDeploymentPostprocessing = 0;
		};
/* End PBXResourcesBuildPhase section */

/* Begin PBXShellScriptBuildPhase section */
		06151338057FBF946648ED0D /* [CP] Embed Pods Frameworks */ = {
			isa = PBXShellScriptBuildPhase;
			buildActionMask = 2147483647;
			files = (
			);
			inputFileListPaths = (
				"${PODS_ROOT}/Target Support Files/Pods-Planet Explore/Pods-Planet Explore-frameworks-${CONFIGURATION}-input-files.xcfilelist",
			);
			name = "[CP] Embed Pods Frameworks";
			outputFileListPaths = (
				"${PODS_ROOT}/Target Support Files/Pods-Planet Explore/Pods-Planet Explore-frameworks-${CONFIGURATION}-output-files.xcfilelist",
			);
			runOnlyForDeploymentPostprocessing = 0;
			shellPath = /bin/sh;
			shellScript = "\"${PODS_ROOT}/Target Support Files/Pods-Planet Explore/Pods-Planet Explore-frameworks.sh\"\n";
			showEnvVarsInLog = 0;
		};
		BA941D1B79ADCC05FDE51A56 /* [CP] Check Pods Manifest.lock */ = {
			isa = PBXShellScriptBuildPhase;
			buildActionMask = 2147483647;
			files = (
			);
			inputFileListPaths = (
			);
			inputPaths = (
				"${PODS_PODFILE_DIR_PATH}/Podfile.lock",
				"${PODS_ROOT}/Manifest.lock",
			);
			name = "[CP] Check Pods Manifest.lock";
			outputFileListPaths = (
			);
			outputPaths = (
				"$(DERIVED_FILE_DIR)/Pods-Planet Explore-checkManifestLockResult.txt",
			);
			runOnlyForDeploymentPostprocessing = 0;
			shellPath = /bin/sh;
			shellScript = "diff \"${PODS_PODFILE_DIR_PATH}/Podfile.lock\" \"${PODS_ROOT}/Manifest.lock\" > /dev/null\nif [ $? != 0 ] ; then\n    # print error to STDERR\n    echo \"error: The sandbox is not in sync with the Podfile.lock. Run 'pod install' or update your CocoaPods installation.\" >&2\n    exit 1\nfi\n# This output is used by Xcode 'outputs' to avoid re-running this script phase.\necho \"SUCCESS\" > \"${SCRIPT_OUTPUT_FILE_0}\"\n";
			showEnvVarsInLog = 0;
		};
/* End PBXShellScriptBuildPhase section */

/* Begin PBXSourcesBuildPhase section */
		B471C603283F42270063D2B6 /* Sources */ = {
			isa = PBXSourcesBuildPhase;
			buildActionMask = 2147483647;
			files = (
				B471C63B283F60F20063D2B6 /* PlanetItemView.swift in Sources */,
				B471C62F283F59D90063D2B6 /* PlanetViewModel.swift in Sources */,
				B471C629283F48FD0063D2B6 /* Constant.swift in Sources */,
				B471C62D283F55BA0063D2B6 /* PlanetRemoteService.swift in Sources */,
				B471C60F283F42270063D2B6 /* MainVC.swift in Sources */,
				B471C63F283F90CC0063D2B6 /* PlanetDetailVC.swift in Sources */,
				B471C627283F48D20063D2B6 /* APIError.swift in Sources */,
				B471C639283F5F2B0063D2B6 /* UIImage+Resize.swift in Sources */,
				B471C62B283F55000063D2B6 /* Planet.swift in Sources */,
				B471C635283F5DAE0063D2B6 /* UIView+Extension.swift in Sources */,
				B471C63D283F85140063D2B6 /* String+Capitalized.swift in Sources */,
				B471C60B283F42270063D2B6 /* AppDelegate.swift in Sources */,
				B471C60D283F42270063D2B6 /* SceneDelegate.swift in Sources */,
				B471C632283F5CD50063D2B6 /* LoaderView.swift in Sources */,
				B471C637283F5EE80063D2B6 /* ErrorView.swift in Sources */,
			);
			runOnlyForDeploymentPostprocessing = 0;
		};
/* End PBXSourcesBuildPhase section */

/* Begin PBXVariantGroup section */
		B471C615283F422E0063D2B6 /* LaunchScreen.storyboard */ = {
			isa = PBXVariantGroup;
			children = (
				B471C616283F422E0063D2B6 /* Base */,
			);
			name = LaunchScreen.storyboard;
			sourceTree = "<group>";
		};
/* End PBXVariantGroup section */

/* Begin XCBuildConfiguration section */
		B471C619283F422E0063D2B6 /* Debug */ = {
			isa = XCBuildConfiguration;
			buildSettings = {
				ALWAYS_SEARCH_USER_PATHS = NO;
				CLANG_ANALYZER_NONNULL = YES;
				CLANG_ANALYZER_NUMBER_OBJECT_CONVERSION = YES_AGGRESSIVE;
				CLANG_CXX_LANGUAGE_STANDARD = "gnu++17";
				CLANG_ENABLE_MODULES = YES;
				CLANG_ENABLE_OBJC_ARC = YES;
				CLANG_ENABLE_OBJC_WEAK = YES;
				CLANG_WARN_BLOCK_CAPTURE_AUTORELEASING = YES;
				CLANG_WARN_BOOL_CONVERSION = YES;
				CLANG_WARN_COMMA = YES;
				CLANG_WARN_CONSTANT_CONVERSION = YES;
				CLANG_WARN_DEPRECATED_OBJC_IMPLEMENTATIONS = YES;
				CLANG_WARN_DIRECT_OBJC_ISA_USAGE = YES_ERROR;
				CLANG_WARN_DOCUMENTATION_COMMENTS = YES;
				CLANG_WARN_EMPTY_BODY = YES;
				CLANG_WARN_ENUM_CONVERSION = YES;
				CLANG_WARN_INFINITE_RECURSION = YES;
				CLANG_WARN_INT_CONVERSION = YES;
				CLANG_WARN_NON_LITERAL_NULL_CONVERSION = YES;
				CLANG_WARN_OBJC_IMPLICIT_RETAIN_SELF = YES;
				CLANG_WARN_OBJC_LITERAL_CONVERSION = YES;
				CLANG_WARN_OBJC_ROOT_CLASS = YES_ERROR;
				CLANG_WARN_QUOTED_INCLUDE_IN_FRAMEWORK_HEADER = YES;
				CLANG_WARN_RANGE_LOOP_ANALYSIS = YES;
				CLANG_WARN_STRICT_PROTOTYPES = YES;
				CLANG_WARN_SUSPICIOUS_MOVE = YES;
				CLANG_WARN_UNGUARDED_AVAILABILITY = YES_AGGRESSIVE;
				CLANG_WARN_UNREACHABLE_CODE = YES;
				CLANG_WARN__DUPLICATE_METHOD_MATCH = YES;
				COPY_PHASE_STRIP = NO;
				DEBUG_INFORMATION_FORMAT = dwarf;
				ENABLE_STRICT_OBJC_MSGSEND = YES;
				ENABLE_TESTABILITY = YES;
				GCC_C_LANGUAGE_STANDARD = gnu11;
				GCC_DYNAMIC_NO_PIC = NO;
				GCC_NO_COMMON_BLOCKS = YES;
				GCC_OPTIMIZATION_LEVEL = 0;
				GCC_PREPROCESSOR_DEFINITIONS = (
					"DEBUG=1",
					"$(inherited)",
				);
				GCC_WARN_64_TO_32_BIT_CONVERSION = YES;
				GCC_WARN_ABOUT_RETURN_TYPE = YES_ERROR;
				GCC_WARN_UNDECLARED_SELECTOR = YES;
				GCC_WARN_UNINITIALIZED_AUTOS = YES_AGGRESSIVE;
				GCC_WARN_UNUSED_FUNCTION = YES;
				GCC_WARN_UNUSED_VARIABLE = YES;
				IPHONEOS_DEPLOYMENT_TARGET = 10.0;
				MTL_ENABLE_DEBUG_INFO = INCLUDE_SOURCE;
				MTL_FAST_MATH = YES;
				ONLY_ACTIVE_ARCH = YES;
				SDKROOT = iphoneos;
				SWIFT_ACTIVE_COMPILATION_CONDITIONS = DEBUG;
				SWIFT_OPTIMIZATION_LEVEL = "-Onone";
			};
			name = Debug;
		};
		B471C61A283F422E0063D2B6 /* Release */ = {
			isa = XCBuildConfiguration;
			buildSettings = {
				ALWAYS_SEARCH_USER_PATHS = NO;
				CLANG_ANALYZER_NONNULL = YES;
				CLANG_ANALYZER_NUMBER_OBJECT_CONVERSION = YES_AGGRESSIVE;
				CLANG_CXX_LANGUAGE_STANDARD = "gnu++17";
				CLANG_ENABLE_MODULES = YES;
				CLANG_ENABLE_OBJC_ARC = YES;
				CLANG_ENABLE_OBJC_WEAK = YES;
				CLANG_WARN_BLOCK_CAPTURE_AUTORELEASING = YES;
				CLANG_WARN_BOOL_CONVERSION = YES;
				CLANG_WARN_COMMA = YES;
				CLANG_WARN_CONSTANT_CONVERSION = YES;
				CLANG_WARN_DEPRECATED_OBJC_IMPLEMENTATIONS = YES;
				CLANG_WARN_DIRECT_OBJC_ISA_USAGE = YES_ERROR;
				CLANG_WARN_DOCUMENTATION_COMMENTS = YES;
				CLANG_WARN_EMPTY_BODY = YES;
				CLANG_WARN_ENUM_CONVERSION = YES;
				CLANG_WARN_INFINITE_RECURSION = YES;
				CLANG_WARN_INT_CONVERSION = YES;
				CLANG_WARN_NON_LITERAL_NULL_CONVERSION = YES;
				CLANG_WARN_OBJC_IMPLICIT_RETAIN_SELF = YES;
				CLANG_WARN_OBJC_LITERAL_CONVERSION = YES;
				CLANG_WARN_OBJC_ROOT_CLASS = YES_ERROR;
				CLANG_WARN_QUOTED_INCLUDE_IN_FRAMEWORK_HEADER = YES;
				CLANG_WARN_RANGE_LOOP_ANALYSIS = YES;
				CLANG_WARN_STRICT_PROTOTYPES = YES;
				CLANG_WARN_SUSPICIOUS_MOVE = YES;
				CLANG_WARN_UNGUARDED_AVAILABILITY = YES_AGGRESSIVE;
				CLANG_WARN_UNREACHABLE_CODE = YES;
				CLANG_WARN__DUPLICATE_METHOD_MATCH = YES;
				COPY_PHASE_STRIP = NO;
				DEBUG_INFORMATION_FORMAT = "dwarf-with-dsym";
				ENABLE_NS_ASSERTIONS = NO;
				ENABLE_STRICT_OBJC_MSGSEND = YES;
				GCC_C_LANGUAGE_STANDARD = gnu11;
				GCC_NO_COMMON_BLOCKS = YES;
				GCC_WARN_64_TO_32_BIT_CONVERSION = YES;
				GCC_WARN_ABOUT_RETURN_TYPE = YES_ERROR;
				GCC_WARN_UNDECLARED_SELECTOR = YES;
				GCC_WARN_UNINITIALIZED_AUTOS = YES_AGGRESSIVE;
				GCC_WARN_UNUSED_FUNCTION = YES;
				GCC_WARN_UNUSED_VARIABLE = YES;
				IPHONEOS_DEPLOYMENT_TARGET = 10.0;
				MTL_ENABLE_DEBUG_INFO = NO;
				MTL_FAST_MATH = YES;
				SDKROOT = iphoneos;
				SWIFT_COMPILATION_MODE = wholemodule;
				SWIFT_OPTIMIZATION_LEVEL = "-O";
				VALIDATE_PRODUCT = YES;
			};
			name = Release;
		};
		B471C61C283F422E0063D2B6 /* Debug */ = {
			isa = XCBuildConfiguration;
			baseConfigurationReference = A83CA0D1DCF847AE800EA459 /* Pods-Planet Explore.debug.xcconfig */;
			buildSettings = {
				ASSETCATALOG_COMPILER_APPICON_NAME = AppIcon;
				ASSETCATALOG_COMPILER_GLOBAL_ACCENT_COLOR_NAME = AccentColor;
				CODE_SIGN_STYLE = Automatic;
				CURRENT_PROJECT_VERSION = 1;
				DEVELOPMENT_TEAM = 32X3U36SB6;
				GENERATE_INFOPLIST_FILE = YES;
				INFOPLIST_FILE = "Planet Explore/Info.plist";
				INFOPLIST_KEY_UIApplicationSupportsIndirectInputEvents = YES;
				INFOPLIST_KEY_UILaunchStoryboardName = LaunchScreen;
				INFOPLIST_KEY_UISupportedInterfaceOrientations = "UIInterfaceOrientationPortrait UIInterfaceOrientationPortraitUpsideDown";
				INFOPLIST_KEY_UISupportedInterfaceOrientations_iPad = "UIInterfaceOrientationPortrait UIInterfaceOrientationPortraitUpsideDown UIInterfaceOrientationLandscapeLeft UIInterfaceOrientationLandscapeRight";
				INFOPLIST_KEY_UISupportedInterfaceOrientations_iPhone = "UIInterfaceOrientationPortrait UIInterfaceOrientationLandscapeLeft UIInterfaceOrientationLandscapeRight";
				IPHONEOS_DEPLOYMENT_TARGET = 10.0;
				LD_RUNPATH_SEARCH_PATHS = (
					"$(inherited)",
					"@executable_path/Frameworks",
				);
				MARKETING_VERSION = 1.0;
				PRODUCT_BUNDLE_IDENTIFIER = "me.haniman.Planet-Explore";
				PRODUCT_NAME = "$(TARGET_NAME)";
				SWIFT_EMIT_LOC_STRINGS = YES;
				SWIFT_VERSION = 5.0;
				TARGETED_DEVICE_FAMILY = 1;
			};
			name = Debug;
		};
		B471C61D283F422E0063D2B6 /* Release */ = {
			isa = XCBuildConfiguration;
			baseConfigurationReference = F88DEEED6F6D7B19236259A4 /* Pods-Planet Explore.release.xcconfig */;
			buildSettings = {
				ASSETCATALOG_COMPILER_APPICON_NAME = AppIcon;
				ASSETCATALOG_COMPILER_GLOBAL_ACCENT_COLOR_NAME = AccentColor;
				CODE_SIGN_STYLE = Automatic;
				CURRENT_PROJECT_VERSION = 1;
				DEVELOPMENT_TEAM = 32X3U36SB6;
				GENERATE_INFOPLIST_FILE = YES;
				INFOPLIST_FILE = "Planet Explore/Info.plist";
				INFOPLIST_KEY_UIApplicationSupportsIndirectInputEvents = YES;
				INFOPLIST_KEY_UILaunchStoryboardName = LaunchScreen;
				INFOPLIST_KEY_UISupportedInterfaceOrientations = "UIInterfaceOrientationPortrait UIInterfaceOrientationPortraitUpsideDown";
				INFOPLIST_KEY_UISupportedInterfaceOrientations_iPad = "UIInterfaceOrientationPortrait UIInterfaceOrientationPortraitUpsideDown UIInterfaceOrientationLandscapeLeft UIInterfaceOrientationLandscapeRight";
				INFOPLIST_KEY_UISupportedInterfaceOrientations_iPhone = "UIInterfaceOrientationPortrait UIInterfaceOrientationLandscapeLeft UIInterfaceOrientationLandscapeRight";
				IPHONEOS_DEPLOYMENT_TARGET = 10.0;
				LD_RUNPATH_SEARCH_PATHS = (
					"$(inherited)",
					"@executable_path/Frameworks",
				);
				MARKETING_VERSION = 1.0;
				PRODUCT_BUNDLE_IDENTIFIER = "me.haniman.Planet-Explore";
				PRODUCT_NAME = "$(TARGET_NAME)";
				SWIFT_EMIT_LOC_STRINGS = YES;
				SWIFT_VERSION = 5.0;
				TARGETED_DEVICE_FAMILY = 1;
			};
			name = Release;
		};
/* End XCBuildConfiguration section */

/* Begin XCConfigurationList section */
		B471C602283F42270063D2B6 /* Build configuration list for PBXProject "Planet Explore" */ = {
			isa = XCConfigurationList;
			buildConfigurations = (
				B471C619283F422E0063D2B6 /* Debug */,
				B471C61A283F422E0063D2B6 /* Release */,
			);
			defaultConfigurationIsVisible = 0;
			defaultConfigurationName = Release;
		};
		B471C61B283F422E0063D2B6 /* Build configuration list for PBXNativeTarget "Planet Explore" */ = {
			isa = XCConfigurationList;
			buildConfigurations = (
				B471C61C283F422E0063D2B6 /* Debug */,
				B471C61D283F422E0063D2B6 /* Release */,
			);
			defaultConfigurationIsVisible = 0;
			defaultConfigurationName = Release;
		};
/* End XCConfigurationList section */
	};
	rootObject = B471C5FF283F42270063D2B6 /* Project object */;
}
